
Microsoft Visual Studio Solution File, Format Version 12.00
# Visual Studio 14
VisualStudioVersion = 14.0.23107.0
MinimumVisualStudioVersion = 10.0.40219.1
Project("{FAE04EC0-301F-11D3-BF4B-00C04F79EFBC}") = "GameClient", "GameClient.csproj", "{7FB11DCF-0DD9-451F-8580-6E335107F1E1}"
	ProjectSection(ProjectDependencies) = postProject
		{3E876565-F68D-40E6-B96C-D74C659EEA02} = {3E876565-F68D-40E6-B96C-D74C659EEA02}
	EndProjectSection
EndProject
Project("{FAE04EC0-301F-11D3-BF4B-00C04F79EFBC}") = "NetworkAPI", "..\NetworkAPI\NetworkAPI.csproj", "{3E876565-F68D-40E6-B96C-D74C659EEA02}"
EndProject
Global
	GlobalSection(SolutionConfigurationPlatforms) = preSolution
		Debug|Any CPU = Debug|Any CPU
		Release|Any CPU = Release|Any CPU
	EndGlobalSection
	GlobalSection(ProjectConfigurationPlatforms) = postSolution
		{7FB11DCF-0DD9-451F-8580-6E335107F1E1}.Debug|Any CPU.ActiveCfg = Debug|Any CPU
		{7FB11DCF-0DD9-451F-8580-6E335107F1E1}.Debug|Any CPU.Build.0 = Debug|Any CPU
		{7FB11DCF-0DD9-451F-8580-6E335107F1E1}.Release|Any CPU.ActiveCfg = Release|Any CPU
		{7FB11DCF-0DD9-451F-8580-6E335107F1E1}.Release|Any CPU.Build.0 = Release|Any CPU
		{3E876565-F68D-40E6-B96C-D74C659EEA02}.Debug|Any CPU.ActiveCfg = Debug|Any CPU
		{3E876565-F68D-40E6-B96C-D74C659EEA02}.Debug|Any CPU.Build.0 = Debug|Any CPU
		{3E876565-F68D-40E6-B96C-D74C659EEA02}.Release|Any CPU.ActiveCfg = Release|Any CPU
		{3E876565-F68D-40E6-B96C-D74C659EEA02}.Release|Any CPU.Build.0 = Release|Any CPU
	EndGlobalSection
	GlobalSection(SolutionProperties) = preSolution
		HideSolutionNode = FALSE
	EndGlobalSection
EndGlobal
